// !$*UTF8*$!
{
	archiveVersion = 1;
	classes = {
	};
	objectVersion = 55;
	objects = {

/* Begin PBXBuildFile section */
		F5803BC7292C0BAB009BFFDF /* prod.xcconfig in Resources */ = {isa = PBXBuildFile; fileRef = F5803BC6292C0BAB009BFFDF /* prod.xcconfig */; };
		F5803BC9292C0D25009BFFDF /* dev.xcconfig in Resources */ = {isa = PBXBuildFile; fileRef = F5803BC8292C0D25009BFFDF /* dev.xcconfig */; };
		F5803BCD292D275B009BFFDF /* Config.swift in Sources */ = {isa = PBXBuildFile; fileRef = F5803BCC292D275B009BFFDF /* Config.swift */; };
		F5803BCF292D2DFE009BFFDF /* ConventionalConfig.swift in Sources */ = {isa = PBXBuildFile; fileRef = F5803BCE292D2DFE009BFFDF /* ConventionalConfig.swift */; };
		F5803BD1292D4F1C009BFFDF /* Logging.swift in Sources */ = {isa = PBXBuildFile; fileRef = F5803BD0292D4F1C009BFFDF /* Logging.swift */; };
		F5F3DE6B292BDE44002BA438 /* AppDelegate.swift in Sources */ = {isa = PBXBuildFile; fileRef = F5F3DE6A292BDE44002BA438 /* AppDelegate.swift */; };
		F5F3DE6D292BDE44002BA438 /* SceneDelegate.swift in Sources */ = {isa = PBXBuildFile; fileRef = F5F3DE6C292BDE44002BA438 /* SceneDelegate.swift */; };
		F5F3DE6F292BDE44002BA438 /* ViewController.swift in Sources */ = {isa = PBXBuildFile; fileRef = F5F3DE6E292BDE44002BA438 /* ViewController.swift */; };
		F5F3DE72292BDE44002BA438 /* Main.storyboard in Resources */ = {isa = PBXBuildFile; fileRef = F5F3DE70292BDE44002BA438 /* Main.storyboard */; };
		F5F3DE74292BDE45002BA438 /* Assets.xcassets in Resources */ = {isa = PBXBuildFile; fileRef = F5F3DE73292BDE45002BA438 /* Assets.xcassets */; };
		F5F3DE77292BDE45002BA438 /* LaunchScreen.storyboard in Resources */ = {isa = PBXBuildFile; fileRef = F5F3DE75292BDE45002BA438 /* LaunchScreen.storyboard */; };
		F5F3DE7F292BDE5D002BA438 /* JailBreakManager.swift in Sources */ = {isa = PBXBuildFile; fileRef = F5F3DE7E292BDE5D002BA438 /* JailBreakManager.swift */; };
/* End PBXBuildFile section */

/* Begin PBXFileReference section */
		F5803BC6292C0BAB009BFFDF /* prod.xcconfig */ = {isa = PBXFileReference; lastKnownFileType = text.xcconfig; path = prod.xcconfig; sourceTree = "<group>"; };
		F5803BC8292C0D25009BFFDF /* dev.xcconfig */ = {isa = PBXFileReference; lastKnownFileType = text.xcconfig; path = dev.xcconfig; sourceTree = "<group>"; };
		F5803BCC292D275B009BFFDF /* Config.swift */ = {isa = PBXFileReference; lastKnownFileType = sourcecode.swift; path = Config.swift; sourceTree = "<group>"; };
		F5803BCE292D2DFE009BFFDF /* ConventionalConfig.swift */ = {isa = PBXFileReference; lastKnownFileType = sourcecode.swift; path = ConventionalConfig.swift; sourceTree = "<group>"; };
		F5803BD0292D4F1C009BFFDF /* Logging.swift */ = {isa = PBXFileReference; lastKnownFileType = sourcecode.swift; path = Logging.swift; sourceTree = "<group>"; };
		F5F3DE67292BDE44002BA438 /* MobileSecurity.app */ = {isa = PBXFileReference; explicitFileType = wrapper.application; includeInIndex = 0; path = MobileSecurity.app; sourceTree = BUILT_PRODUCTS_DIR; };
		F5F3DE6A292BDE44002BA438 /* AppDelegate.swift */ = {isa = PBXFileReference; lastKnownFileType = sourcecode.swift; path = AppDelegate.swift; sourceTree = "<group>"; };
		F5F3DE6C292BDE44002BA438 /* SceneDelegate.swift */ = {isa = PBXFileReference; lastKnownFileType = sourcecode.swift; path = SceneDelegate.swift; sourceTree = "<group>"; };
		F5F3DE6E292BDE44002BA438 /* ViewController.swift */ = {isa = PBXFileReference; lastKnownFileType = sourcecode.swift; path = ViewController.swift; sourceTree = "<group>"; };
		F5F3DE71292BDE44002BA438 /* Base */ = {isa = PBXFileReference; lastKnownFileType = file.storyboard; name = Base; path = Base.lproj/Main.storyboard; sourceTree = "<group>"; };
		F5F3DE73292BDE45002BA438 /* Assets.xcassets */ = {isa = PBXFileReference; lastKnownFileType = folder.assetcatalog; path = Assets.xcassets; sourceTree = "<group>"; };
		F5F3DE76292BDE45002BA438 /* Base */ = {isa = PBXFileReference; lastKnownFileType = file.storyboard; name = Base; path = Base.lproj/LaunchScreen.storyboard; sourceTree = "<group>"; };
		F5F3DE78292BDE45002BA438 /* Info.plist */ = {isa = PBXFileReference; lastKnownFileType = text.plist.xml; path = Info.plist; sourceTree = "<group>"; };
		F5F3DE7E292BDE5D002BA438 /* JailBreakManager.swift */ = {isa = PBXFileReference; lastKnownFileType = sourcecode.swift; path = JailBreakManager.swift; sourceTree = "<group>"; };
/* End PBXFileReference section */

/* Begin PBXFrameworksBuildPhase section */
		F5F3DE64292BDE44002BA438 /* Frameworks */ = {
			isa = PBXFrameworksBuildPhase;
			buildActionMask = 2147483647;
			files = (
			);
			runOnlyForDeploymentPostprocessing = 0;
		};
/* End PBXFrameworksBuildPhase section */

/* Begin PBXGroup section */
		F5803BCA292D2705009BFFDF /* XCConfig */ = {
			isa = PBXGroup;
			children = (
				F5803BC6292C0BAB009BFFDF /* prod.xcconfig */,
				F5803BC8292C0D25009BFFDF /* dev.xcconfig */,
				F5803BCC292D275B009BFFDF /* Config.swift */,
				F5803BCE292D2DFE009BFFDF /* ConventionalConfig.swift */,
			);
			path = XCConfig;
			sourceTree = "<group>";
		};
		F5803BCB292D2716009BFFDF /* JailBreak */ = {
			isa = PBXGroup;
			children = (
				F5F3DE7E292BDE5D002BA438 /* JailBreakManager.swift */,
			);
			path = JailBreak;
			sourceTree = "<group>";
		};
		F5803BD2292D4F26009BFFDF /* Logging */ = {
			isa = PBXGroup;
			children = (
				F5803BD0292D4F1C009BFFDF /* Logging.swift */,
			);
			path = Logging;
			sourceTree = "<group>";
		};
		F5F3DE5E292BDE44002BA438 = {
			isa = PBXGroup;
			children = (
				F5F3DE69292BDE44002BA438 /* MobileSecurity */,
				F5F3DE68292BDE44002BA438 /* Products */,
			);
			sourceTree = "<group>";
		};
		F5F3DE68292BDE44002BA438 /* Products */ = {
			isa = PBXGroup;
			children = (
				F5F3DE67292BDE44002BA438 /* MobileSecurity.app */,
			);
			name = Products;
			sourceTree = "<group>";
		};
		F5F3DE69292BDE44002BA438 /* MobileSecurity */ = {
			isa = PBXGroup;
			children = (
				F5F3DE6A292BDE44002BA438 /* AppDelegate.swift */,
				F5F3DE6C292BDE44002BA438 /* SceneDelegate.swift */,
				F5F3DE6E292BDE44002BA438 /* ViewController.swift */,
				F5803BD2292D4F26009BFFDF /* Logging */,
				F5803BCB292D2716009BFFDF /* JailBreak */,
				F5803BCA292D2705009BFFDF /* XCConfig */,
				F5F3DE70292BDE44002BA438 /* Main.storyboard */,
				F5F3DE73292BDE45002BA438 /* Assets.xcassets */,
				F5F3DE75292BDE45002BA438 /* LaunchScreen.storyboard */,
				F5F3DE78292BDE45002BA438 /* Info.plist */,
			);
			path = MobileSecurity;
			sourceTree = "<group>";
		};
/* End PBXGroup section */

/* Begin PBXNativeTarget section */
		F5F3DE66292BDE44002BA438 /* MobileSecurity */ = {
			isa = PBXNativeTarget;
			buildConfigurationList = F5F3DE7B292BDE45002BA438 /* Build configuration list for PBXNativeTarget "MobileSecurity" */;
			buildPhases = (
				F5F3DE63292BDE44002BA438 /* Sources */,
				F5F3DE64292BDE44002BA438 /* Frameworks */,
				F5F3DE65292BDE44002BA438 /* Resources */,
			);
			buildRules = (
			);
			dependencies = (
			);
			name = MobileSecurity;
			productName = MobileSecurity;
			productReference = F5F3DE67292BDE44002BA438 /* MobileSecurity.app */;
			productType = "com.apple.product-type.application";
		};
/* End PBXNativeTarget section */

/* Begin PBXProject section */
		F5F3DE5F292BDE44002BA438 /* Project object */ = {
			isa = PBXProject;
			attributes = {
				BuildIndependentTargetsInParallel = 1;
				LastSwiftUpdateCheck = 1340;
				LastUpgradeCheck = 1340;
				TargetAttributes = {
					F5F3DE66292BDE44002BA438 = {
						CreatedOnToolsVersion = 13.4.1;
					};
				};
			};
			buildConfigurationList = F5F3DE62292BDE44002BA438 /* Build configuration list for PBXProject "MobileSecurity" */;
			compatibilityVersion = "Xcode 13.0";
			developmentRegion = en;
			hasScannedForEncodings = 0;
			knownRegions = (
				en,
				Base,
			);
			mainGroup = F5F3DE5E292BDE44002BA438;
			productRefGroup = F5F3DE68292BDE44002BA438 /* Products */;
			projectDirPath = "";
			projectRoot = "";
			targets = (
				F5F3DE66292BDE44002BA438 /* MobileSecurity */,
			);
		};
/* End PBXProject section */

/* Begin PBXResourcesBuildPhase section */
		F5F3DE65292BDE44002BA438 /* Resources */ = {
			isa = PBXResourcesBuildPhase;
			buildActionMask = 2147483647;
			files = (
				F5F3DE77292BDE45002BA438 /* LaunchScreen.storyboard in Resources */,
				F5803BC7292C0BAB009BFFDF /* prod.xcconfig in Resources */,
				F5F3DE74292BDE45002BA438 /* Assets.xcassets in Resources */,
				F5803BC9292C0D25009BFFDF /* dev.xcconfig in Resources */,
				F5F3DE72292BDE44002BA438 /* Main.storyboard in Resources */,
			);
			runOnlyForDeploymentPostprocessing = 0;
		};
/* End PBXResourcesBuildPhase section */

/* Begin PBXSourcesBuildPhase section */
		F5F3DE63292BDE44002BA438 /* Sources */ = {
			isa = PBXSourcesBuildPhase;
			buildActionMask = 2147483647;
			files = (
				F5F3DE6F292BDE44002BA438 /* ViewController.swift in Sources */,
				F5803BCF292D2DFE009BFFDF /* ConventionalConfig.swift in Sources */,
				F5F3DE7F292BDE5D002BA438 /* JailBreakManager.swift in Sources */,
				F5803BD1292D4F1C009BFFDF /* Logging.swift in Sources */,
				F5803BCD292D275B009BFFDF /* Config.swift in Sources */,
				F5F3DE6B292BDE44002BA438 /* AppDelegate.swift in Sources */,
				F5F3DE6D292BDE44002BA438 /* SceneDelegate.swift in Sources */,
			);
			runOnlyForDeploymentPostprocessing = 0;
		};
/* End PBXSourcesBuildPhase section */

/* Begin PBXVariantGroup section */
		F5F3DE70292BDE44002BA438 /* Main.storyboard */ = {
			isa = PBXVariantGroup;
			children = (
				F5F3DE71292BDE44002BA438 /* Base */,
			);
			name = Main.storyboard;
			sourceTree = "<group>";
		};
		F5F3DE75292BDE45002BA438 /* LaunchScreen.storyboard */ = {
			isa = PBXVariantGroup;
			children = (
				F5F3DE76292BDE45002BA438 /* Base */,
			);
			name = LaunchScreen.storyboard;
			sourceTree = "<group>";
		};
/* End PBXVariantGroup section */

/* Begin XCBuildConfiguration section */
		F5F3DE79292BDE45002BA438 /* Debug */ = {
			isa = XCBuildConfiguration;
			baseConfigurationReference = F5803BC8292C0D25009BFFDF /* dev.xcconfig */;
			buildSettings = {
				ALWAYS_SEARCH_USER_PATHS = NO;
				CLANG_ANALYZER_NONNULL = YES;
				CLANG_ANALYZER_NUMBER_OBJECT_CONVERSION = YES_AGGRESSIVE;
				CLANG_CXX_LANGUAGE_STANDARD = "gnu++17";
				CLANG_ENABLE_MODULES = YES;
				CLANG_ENABLE_OBJC_ARC = YES;
				CLANG_ENABLE_OBJC_WEAK = YES;
				CLANG_WARN_BLOCK_CAPTURE_AUTORELEASING = YES;
				CLANG_WARN_BOOL_CONVERSION = YES;
				CLANG_WARN_COMMA = YES;
				CLANG_WARN_CONSTANT_CONVERSION = YES;
				CLANG_WARN_DEPRECATED_OBJC_IMPLEMENTATIONS = YES;
				CLANG_WARN_DIRECT_OBJC_ISA_USAGE = YES_ERROR;
				CLANG_WARN_DOCUMENTATION_COMMENTS = YES;
				CLANG_WARN_EMPTY_BODY = YES;
				CLANG_WARN_ENUM_CONVERSION = YES;
				CLANG_WARN_INFINITE_RECURSION = YES;
				CLANG_WARN_INT_CONVERSION = YES;
				CLANG_WARN_NON_LITERAL_NULL_CONVERSION = YES;
				CLANG_WARN_OBJC_IMPLICIT_RETAIN_SELF = YES;
				CLANG_WARN_OBJC_LITERAL_CONVERSION = YES;
				CLANG_WARN_OBJC_ROOT_CLASS = YES_ERROR;
				CLANG_WARN_QUOTED_INCLUDE_IN_FRAMEWORK_HEADER = YES;
				CLANG_WARN_RANGE_LOOP_ANALYSIS = YES;
				CLANG_WARN_STRICT_PROTOTYPES = YES;
				CLANG_WARN_SUSPICIOUS_MOVE = YES;
				CLANG_WARN_UNGUARDED_AVAILABILITY = YES_AGGRESSIVE;
				CLANG_WARN_UNREACHABLE_CODE = YES;
				CLANG_WARN__DUPLICATE_METHOD_MATCH = YES;
				COPY_PHASE_STRIP = NO;
				DEBUG_INFORMATION_FORMAT = dwarf;
				ENABLE_STRICT_OBJC_MSGSEND = YES;
				ENABLE_TESTABILITY = YES;
				"EXCLUDED_ARCHS[sdk=iphonesimulator*]" = arm64;
				GCC_C_LANGUAGE_STANDARD = gnu11;
				GCC_DYNAMIC_NO_PIC = NO;
				GCC_NO_COMMON_BLOCKS = YES;
				GCC_OPTIMIZATION_LEVEL = 0;
				GCC_PREPROCESSOR_DEFINITIONS = (
					"DEBUG=1",
					"$(inherited)",
				);
				GCC_WARN_64_TO_32_BIT_CONVERSION = YES;
				GCC_WARN_ABOUT_RETURN_TYPE = YES_ERROR;
				GCC_WARN_UNDECLARED_SELECTOR = YES;
				GCC_WARN_UNINITIALIZED_AUTOS = YES_AGGRESSIVE;
				GCC_WARN_UNUSED_FUNCTION = YES;
				GCC_WARN_UNUSED_VARIABLE = YES;
				IPHONEOS_DEPLOYMENT_TARGET = 15.5;
				MTL_ENABLE_DEBUG_INFO = INCLUDE_SOURCE;
				MTL_FAST_MATH = YES;
				ONLY_ACTIVE_ARCH = YES;
				SDKROOT = iphoneos;
				SWIFT_ACTIVE_COMPILATION_CONDITIONS = DEBUG;
				SWIFT_OPTIMIZATION_LEVEL = "-Onone";
			};
			name = Debug;
		};
		F5F3DE7A292BDE45002BA438 /* Release */ = {
			isa = XCBuildConfiguration;
			baseConfigurationReference = F5803BC6292C0BAB009BFFDF /* prod.xcconfig */;
			buildSettings = {
				ALWAYS_SEARCH_USER_PATHS = NO;
				CLANG_ANALYZER_NONNULL = YES;
				CLANG_ANALYZER_NUMBER_OBJECT_CONVERSION = YES_AGGRESSIVE;
				CLANG_CXX_LANGUAGE_STANDARD = "gnu++17";
				CLANG_ENABLE_MODULES = YES;
				CLANG_ENABLE_OBJC_ARC = YES;
				CLANG_ENABLE_OBJC_WEAK = YES;
				CLANG_WARN_BLOCK_CAPTURE_AUTORELEASING = YES;
				CLANG_WARN_BOOL_CONVERSION = YES;
				CLANG_WARN_COMMA = YES;
				CLANG_WARN_CONSTANT_CONVERSION = YES;
				CLANG_WARN_DEPRECATED_OBJC_IMPLEMENTATIONS = YES;
				CLANG_WARN_DIRECT_OBJC_ISA_USAGE = YES_ERROR;
				CLANG_WARN_DOCUMENTATION_COMMENTS = YES;
				CLANG_WARN_EMPTY_BODY = YES;
				CLANG_WARN_ENUM_CONVERSION = YES;
				CLANG_WARN_INFINITE_RECURSION = YES;
				CLANG_WARN_INT_CONVERSION = YES;
				CLANG_WARN_NON_LITERAL_NULL_CONVERSION = YES;
				CLANG_WARN_OBJC_IMPLICIT_RETAIN_SELF = YES;
				CLANG_WARN_OBJC_LITERAL_CONVERSION = YES;
				CLANG_WARN_OBJC_ROOT_CLASS = YES_ERROR;
				CLANG_WARN_QUOTED_INCLUDE_IN_FRAMEWORK_HEADER = YES;
				CLANG_WARN_RANGE_LOOP_ANALYSIS = YES;
				CLANG_WARN_STRICT_PROTOTYPES = YES;
				CLANG_WARN_SUSPICIOUS_MOVE = YES;
				CLANG_WARN_UNGUARDED_AVAILABILITY = YES_AGGRESSIVE;
				CLANG_WARN_UNREACHABLE_CODE = YES;
				CLANG_WARN__DUPLICATE_METHOD_MATCH = YES;
				COPY_PHASE_STRIP = NO;
				DEBUG_INFORMATION_FORMAT = "dwarf-with-dsym";
				ENABLE_NS_ASSERTIONS = NO;
				ENABLE_STRICT_OBJC_MSGSEND = YES;
				"EXCLUDED_ARCHS[sdk=iphonesimulator*]" = arm64;
				GCC_C_LANGUAGE_STANDARD = gnu11;
				GCC_NO_COMMON_BLOCKS = YES;
				GCC_WARN_64_TO_32_BIT_CONVERSION = YES;
				GCC_WARN_ABOUT_RETURN_TYPE = YES_ERROR;
				GCC_WARN_UNDECLARED_SELECTOR = YES;
				GCC_WARN_UNINITIALIZED_AUTOS = YES_AGGRESSIVE;
				GCC_WARN_UNUSED_FUNCTION = YES;
				GCC_WARN_UNUSED_VARIABLE = YES;
				IPHONEOS_DEPLOYMENT_TARGET = 15.5;
				MTL_ENABLE_DEBUG_INFO = NO;
				MTL_FAST_MATH = YES;
				SDKROOT = iphoneos;
				SWIFT_COMPILATION_MODE = wholemodule;
				SWIFT_OPTIMIZATION_LEVEL = "-O";
				VALIDATE_PRODUCT = YES;
			};
			name = Release;
		};
		F5F3DE7C292BDE45002BA438 /* Debug */ = {
			isa = XCBuildConfiguration;
			buildSettings = {
				ASSETCATALOG_COMPILER_APPICON_NAME = AppIcon;
				ASSETCATALOG_COMPILER_GLOBAL_ACCENT_COLOR_NAME = AccentColor;
				CODE_SIGN_STYLE = Automatic;
				CURRENT_PROJECT_VERSION = 1;
				DEVELOPMENT_TEAM = 2P7R4H9ZM8;
				GENERATE_INFOPLIST_FILE = YES;
				INFOPLIST_FILE = MobileSecurity/Info.plist;
				INFOPLIST_KEY_UIApplicationSupportsIndirectInputEvents = YES;
				INFOPLIST_KEY_UILaunchStoryboardName = LaunchScreen;
				INFOPLIST_KEY_UIMainStoryboardFile = Main;
				INFOPLIST_KEY_UISupportedInterfaceOrientations_iPad = "UIInterfaceOrientationPortrait UIInterfaceOrientationPortraitUpsideDown UIInterfaceOrientationLandscapeLeft UIInterfaceOrientationLandscapeRight";
				INFOPLIST_KEY_UISupportedInterfaceOrientations_iPhone = "UIInterfaceOrientationPortrait UIInterfaceOrientationLandscapeLeft UIInterfaceOrientationLandscapeRight";
				LD_RUNPATH_SEARCH_PATHS = (
					"$(inherited)",
					"@executable_path/Frameworks",
				);
				MARKETING_VERSION = 1.0;
				PRODUCT_BUNDLE_IDENTIFIER = com.nickelfox.MobileSecurity;
				PRODUCT_NAME = "$(TARGET_NAME)";
				SWIFT_EMIT_LOC_STRINGS = YES;
				SWIFT_VERSION = 5.0;
				TARGETED_DEVICE_FAMILY = "1,2";
			};
			name = Debug;
		};
		F5F3DE7D292BDE45002BA438 /* Release */ = {
			isa = XCBuildConfiguration;
			buildSettings = {
				ASSETCATALOG_COMPILER_APPICON_NAME = AppIcon;
				ASSETCATALOG_COMPILER_GLOBAL_ACCENT_COLOR_NAME = AccentColor;
				CODE_SIGN_STYLE = Automatic;
				CURRENT_PROJECT_VERSION = 1;
				DEVELOPMENT_TEAM = 2P7R4H9ZM8;
				GENERATE_INFOPLIST_FILE = YES;
				INFOPLIST_FILE = MobileSecurity/Info.plist;
				INFOPLIST_KEY_UIApplicationSupportsIndirectInputEvents = YES;
				INFOPLIST_KEY_UILaunchStoryboardName = LaunchScreen;
				INFOPLIST_KEY_UIMainStoryboardFile = Main;
				INFOPLIST_KEY_UISupportedInterfaceOrientations_iPad = "UIInterfaceOrientationPortrait UIInterfaceOrientationPortraitUpsideDown UIInterfaceOrientationLandscapeLeft UIInterfaceOrientationLandscapeRight";
				INFOPLIST_KEY_UISupportedInterfaceOrientations_iPhone = "UIInterfaceOrientationPortrait UIInterfaceOrientationLandscapeLeft UIInterfaceOrientationLandscapeRight";
				LD_RUNPATH_SEARCH_PATHS = (
					"$(inherited)",
					"@executable_path/Frameworks",
				);
				MARKETING_VERSION = 1.0;
				PRODUCT_BUNDLE_IDENTIFIER = com.nickelfox.MobileSecurity;
				PRODUCT_NAME = "$(TARGET_NAME)";
				SWIFT_EMIT_LOC_STRINGS = YES;
				SWIFT_VERSION = 5.0;
				TARGETED_DEVICE_FAMILY = "1,2";
			};
			name = Release;
		};
/* End XCBuildConfiguration section */

/* Begin XCConfigurationList section */
		F5F3DE62292BDE44002BA438 /* Build configuration list for PBXProject "MobileSecurity" */ = {
			isa = XCConfigurationList;
			buildConfigurations = (
				F5F3DE79292BDE45002BA438 /* Debug */,
				F5F3DE7A292BDE45002BA438 /* Release */,
			);
			defaultConfigurationIsVisible = 0;
			defaultConfigurationName = Release;
		};
		F5F3DE7B292BDE45002BA438 /* Build configuration list for PBXNativeTarget "MobileSecurity" */ = {
			isa = XCConfigurationList;
			buildConfigurations = (
				F5F3DE7C292BDE45002BA438 /* Debug */,
				F5F3DE7D292BDE45002BA438 /* Release */,
			);
			defaultConfigurationIsVisible = 0;
			defaultConfigurationName = Release;
		};
/* End XCConfigurationList section */
	};
	rootObject = F5F3DE5F292BDE44002BA438 /* Project object */;
}
